
Microsoft Visual Studio Solution File, Format Version 12.00
# Visual Studio Version 16
VisualStudioVersion = 16.0.30204.135
MinimumVisualStudioVersion = 10.0.40219.1
Project("{FAE04EC0-301F-11D3-BF4B-00C04F79EFBC}") = "RPAbot", "RPAbot\RPAbot.csproj", "{902D7CAD-C619-4BC6-B6AE-085310C940C2}"
EndProject
Project("{FAE04EC0-301F-11D3-BF4B-00C04F79EFBC}") = "SimpleBot", "SimpleBot\SimpleBot.csproj", "{DABEB5EB-AA11-45AB-B765-CB880222176D}"
EndProject
Project("{FAE04EC0-301F-11D3-BF4B-00C04F79EFBC}") = "OtherBot", "OtherBot\OtherBot.csproj", "{66555595-34F8-4F6C-85BC-D97392A54D82}"
EndProject
Global
	GlobalSection(SolutionConfigurationPlatforms) = preSolution
		Debug|Any CPU = Debug|Any CPU
		Release|Any CPU = Release|Any CPU
	EndGlobalSection
	GlobalSection(ProjectConfigurationPlatforms) = postSolution
		{902D7CAD-C619-4BC6-B6AE-085310C940C2}.Debug|Any CPU.ActiveCfg = Debug|Any CPU
		{902D7CAD-C619-4BC6-B6AE-085310C940C2}.Debug|Any CPU.Build.0 = Debug|Any CPU
		{902D7CAD-C619-4BC6-B6AE-085310C940C2}.Release|Any CPU.ActiveCfg = Release|Any CPU
		{902D7CAD-C619-4BC6-B6AE-085310C940C2}.Release|Any CPU.Build.0 = Release|Any CPU
		{DABEB5EB-AA11-45AB-B765-CB880222176D}.Debug|Any CPU.ActiveCfg = Debug|Any CPU
		{DABEB5EB-AA11-45AB-B765-CB880222176D}.Debug|Any CPU.Build.0 = Debug|Any CPU
		{DABEB5EB-AA11-45AB-B765-CB880222176D}.Release|Any CPU.ActiveCfg = Release|Any CPU
		{DABEB5EB-AA11-45AB-B765-CB880222176D}.Release|Any CPU.Build.0 = Release|Any CPU
		{66555595-34F8-4F6C-85BC-D97392A54D82}.Debug|Any CPU.ActiveCfg = Debug|Any CPU
		{66555595-34F8-4F6C-85BC-D97392A54D82}.Debug|Any CPU.Build.0 = Debug|Any CPU
		{66555595-34F8-4F6C-85BC-D97392A54D82}.Release|Any CPU.ActiveCfg = Release|Any CPU
		{66555595-34F8-4F6C-85BC-D97392A54D82}.Release|Any CPU.Build.0 = Release|Any CPU
	EndGlobalSection
	GlobalSection(SolutionProperties) = preSolution
		HideSolutionNode = FALSE
	EndGlobalSection
	GlobalSection(ExtensibilityGlobals) = postSolution
		SolutionGuid = {7453DD54-7661-459D-8A35-64110801614B}
	EndGlobalSection
EndGlobal
